
Microsoft Visual Studio Solution File, Format Version 12.00
# Visual Studio 15
Project("{FAE04EC0-301F-11D3-BF4B-00C04F79EFBC}") = "Unity.Timeline", "Unity.Timeline.csproj", "{CA8D52E6-1CC6-0037-61FE-6F34564947B9}"
EndProject
Project("{FAE04EC0-301F-11D3-BF4B-00C04F79EFBC}") = "Unity.2D.Animation.Editor", "Unity.2D.Animation.Editor.csproj", "{6A86987C-0BF5-8491-FBE4-45352810E053}"
EndProject
Project("{FAE04EC0-301F-11D3-BF4B-00C04F79EFBC}") = "Unity.Timeline.Editor", "Unity.Timeline.Editor.csproj", "{380483C4-4BE8-66DC-55CD-1C910FDBB31E}"
EndProject
Project("{FAE04EC0-301F-11D3-BF4B-00C04F79EFBC}") = "Unity.2D.Tilemap.Editor", "Unity.2D.Tilemap.Editor.csproj", "{EBC1C4C7-E3C2-B9FF-525F-52ACCA77248E}"
EndProject
Project("{FAE04EC0-301F-11D3-BF4B-00C04F79EFBC}") = "Unity.TextMeshPro.Editor", "Unity.TextMeshPro.Editor.csproj", "{26418D05-5115-95FD-2D00-133D2A9E4F99}"
EndProject
Project("{FAE04EC0-301F-11D3-BF4B-00C04F79EFBC}") = "Unity.Burst", "Unity.Burst.csproj", "{6C46F641-8D21-6F3F-582D-E408C596A222}"
EndProject
Project("{FAE04EC0-301F-11D3-BF4B-00C04F79EFBC}") = "Unity.PlasticSCM.Editor", "Unity.PlasticSCM.Editor.csproj", "{B5FF3F95-C895-F6B1-43B1-FEEDA0C18FEF}"
EndProject
Project("{FAE04EC0-301F-11D3-BF4B-00C04F79EFBC}") = "UnityEditor.UI", "UnityEditor.UI.csproj", "{4E6DFC95-C1FD-AE8F-0EA5-B5814E47D7E6}"
EndProject
Project("{FAE04EC0-301F-11D3-BF4B-00C04F79EFBC}") = "Unity.2D.Psdimporter.Editor", "Unity.2D.Psdimporter.Editor.csproj", "{833ACA28-E70E-E1D9-9EE4-E8956C6A5E74}"
EndProject
Project("{FAE04EC0-301F-11D3-BF4B-00C04F79EFBC}") = "Assembly-CSharp", "Assembly-CSharp.csproj", "{DC20A5FF-A8A0-68C8-2844-19F1E047D199}"
EndProject
Project("{FAE04EC0-301F-11D3-BF4B-00C04F79EFBC}") = "Unity.2D.Sprite.Editor", "Unity.2D.Sprite.Editor.csproj", "{A6DC8236-09D7-9170-EFC2-1BEAA4180ABE}"
EndProject
Project("{FAE04EC0-301F-11D3-BF4B-00C04F79EFBC}") = "Unity.Mathematics", "Unity.Mathematics.csproj", "{66D1DDAC-C6DB-2F4C-774D-7BBFDBB97178}"
EndProject
Project("{FAE04EC0-301F-11D3-BF4B-00C04F79EFBC}") = "Unity.2D.PixelPerfect.Editor", "Unity.2D.PixelPerfect.Editor.csproj", "{A755A9D7-E465-70E8-CA27-908679B9987D}"
EndProject
Project("{FAE04EC0-301F-11D3-BF4B-00C04F79EFBC}") = "Unity.2D.Common.Path.Editor", "Unity.2D.Common.Path.Editor.csproj", "{B2DA6052-F715-2872-06C6-B20CF4A64336}"
EndProject
Project("{FAE04EC0-301F-11D3-BF4B-00C04F79EFBC}") = "Unity.2D.IK.Runtime", "Unity.2D.IK.Runtime.csproj", "{87FCE45A-929B-3F24-5158-33A84204A2D2}"
EndProject
Project("{FAE04EC0-301F-11D3-BF4B-00C04F79EFBC}") = "UnityEditor.TestRunner", "UnityEditor.TestRunner.csproj", "{04341EFF-1C38-08CB-92A9-DAB642F70F11}"
EndProject
Project("{FAE04EC0-301F-11D3-BF4B-00C04F79EFBC}") = "PsdPlugin", "PsdPlugin.csproj", "{C6FD7112-3472-DF46-243B-F7F9FA7842CD}"
EndProject
Project("{FAE04EC0-301F-11D3-BF4B-00C04F79EFBC}") = "UnityEngine.TestRunner", "UnityEngine.TestRunner.csproj", "{64DFF3F8-C958-C6C3-E8BD-E2ECF2D0FFD5}"
EndProject
Project("{FAE04EC0-301F-11D3-BF4B-00C04F79EFBC}") = "UnityEngine.UI", "UnityEngine.UI.csproj", "{BB2F8106-F2B0-89F2-9139-EF3AF6763B73}"
EndProject
Project("{FAE04EC0-301F-11D3-BF4B-00C04F79EFBC}") = "Unity.2D.IK.Editor", "Unity.2D.IK.Editor.csproj", "{E24F3613-21CB-714D-6D5C-6038DB625D3A}"
EndProject
Project("{FAE04EC0-301F-11D3-BF4B-00C04F79EFBC}") = "Unity.Rider.Editor", "Unity.Rider.Editor.csproj", "{C382561C-9A92-021F-3FD5-64C6F0DA7232}"
EndProject
Project("{FAE04EC0-301F-11D3-BF4B-00C04F79EFBC}") = "Unity.Collections", "Unity.Collections.csproj", "{C8315A8B-3E57-A9B2-EA85-884BBA6BF087}"
EndProject
Project("{FAE04EC0-301F-11D3-BF4B-00C04F79EFBC}") = "Unity.TextMeshPro", "Unity.TextMeshPro.csproj", "{5A1A8EDE-1162-24C6-FC63-EAB3F19C1A5C}"
EndProject
Project("{FAE04EC0-301F-11D3-BF4B-00C04F79EFBC}") = "Unity.VisualStudio.Editor", "Unity.VisualStudio.Editor.csproj", "{A7C36154-898F-0DD4-80AB-844E6533E614}"
EndProject
Project("{FAE04EC0-301F-11D3-BF4B-00C04F79EFBC}") = "Unity.2D.SpriteShape.Editor", "Unity.2D.SpriteShape.Editor.csproj", "{E59F4B39-BA29-3DEE-F45E-DF30CD495763}"
EndProject
Project("{FAE04EC0-301F-11D3-BF4B-00C04F79EFBC}") = "Unity.AI.Navigation.Editor", "Unity.AI.Navigation.Editor.csproj", "{A8B90F99-41EF-98F8-836D-B5FA1716DBDD}"
EndProject
Project("{FAE04EC0-301F-11D3-BF4B-00C04F79EFBC}") = "Unity.2D.PixelPerfect", "Unity.2D.PixelPerfect.csproj", "{B70DE351-6AFB-4DA3-0BCA-753074D9F3EB}"
EndProject
Project("{FAE04EC0-301F-11D3-BF4B-00C04F79EFBC}") = "Unity.InternalAPIEditorBridge.001", "Unity.InternalAPIEditorBridge.001.csproj", "{E960B5D1-2B42-44C0-3D3F-D5A7AFE83E07}"
EndProject
Project("{FAE04EC0-301F-11D3-BF4B-00C04F79EFBC}") = "Unity.2D.SpriteShape.Runtime", "Unity.2D.SpriteShape.Runtime.csproj", "{751B4C48-B6CA-BC76-9BAD-B1A07D0534D2}"
EndProject
Project("{FAE04EC0-301F-11D3-BF4B-00C04F79EFBC}") = "Unity.AI.Navigation", "Unity.AI.Navigation.csproj", "{A027EB98-E150-50B7-F592-CC759B0A9B7B}"
EndProject
Project("{FAE04EC0-301F-11D3-BF4B-00C04F79EFBC}") = "Unity.2D.Animation.Runtime", "Unity.2D.Animation.Runtime.csproj", "{BF04CD1B-B540-37C5-C1F8-EF1F2446B521}"
EndProject
Project("{FAE04EC0-301F-11D3-BF4B-00C04F79EFBC}") = "Unity.AI.Navigation.Editor.ConversionSystem", "Unity.AI.Navigation.Editor.ConversionSystem.csproj", "{8E478A74-9AEA-7558-55C0-A835574C5A77}"
EndProject
Project("{FAE04EC0-301F-11D3-BF4B-00C04F79EFBC}") = "Unity.Burst.CodeGen", "Unity.Burst.CodeGen.csproj", "{64AC0293-B157-03C6-F029-F3880B32CD48}"
EndProject
Project("{FAE04EC0-301F-11D3-BF4B-00C04F79EFBC}") = "Unity.Burst.Editor", "Unity.Burst.Editor.csproj", "{15305644-4B77-296C-19AA-85F25DECE33D}"
EndProject
Project("{FAE04EC0-301F-11D3-BF4B-00C04F79EFBC}") = "Unity.Collections.BurstCompatibilityGen", "Unity.Collections.BurstCompatibilityGen.csproj", "{18702206-7B9B-24F1-2B2B-CBCB9FB0518D}"
EndProject
Project("{FAE04EC0-301F-11D3-BF4B-00C04F79EFBC}") = "Unity.VSCode.Editor", "Unity.VSCode.Editor.csproj", "{EC109CBB-D931-A313-7A49-056CD3A8B41D}"
EndProject
Project("{FAE04EC0-301F-11D3-BF4B-00C04F79EFBC}") = "Unity.2D.Common.Editor", "Unity.2D.Common.Editor.csproj", "{267EED2E-A931-A32D-CFFC-A9C86BA30265}"
EndProject
Project("{FAE04EC0-301F-11D3-BF4B-00C04F79EFBC}") = "Unity.InternalAPIEngineBridge.001", "Unity.InternalAPIEngineBridge.001.csproj", "{34CEFF00-FBF1-26E3-295C-F4F6DA65F6B6}"
EndProject
Project("{FAE04EC0-301F-11D3-BF4B-00C04F79EFBC}") = "Unity.AI.Navigation.Updater", "Unity.AI.Navigation.Updater.csproj", "{D134FD33-F4B0-9E50-B373-8807D3C353C5}"
EndProject
Project("{FAE04EC0-301F-11D3-BF4B-00C04F79EFBC}") = "Unity.2D.Common.Runtime", "Unity.2D.Common.Runtime.csproj", "{334B85BD-70D2-E15D-AE2B-15CAC82E04F2}"
EndProject
Project("{FAE04EC0-301F-11D3-BF4B-00C04F79EFBC}") = "Unity.Collections.DocCodeSamples", "Unity.Collections.DocCodeSamples.csproj", "{86BD587E-6986-11DD-4B70-7607FB6939DF}"
EndProject
Project("{FAE04EC0-301F-11D3-BF4B-00C04F79EFBC}") = "Unity.CollabProxy.Editor", "Unity.CollabProxy.Editor.csproj", "{54B1DB11-400D-09E2-9850-1E8BF1CE467C}"
EndProject
Project("{FAE04EC0-301F-11D3-BF4B-00C04F79EFBC}") = "Unity.Mathematics.Editor", "Unity.Mathematics.Editor.csproj", "{ED26183B-B07E-8FCF-6170-316BDA749287}"
EndProject
Project("{FAE04EC0-301F-11D3-BF4B-00C04F79EFBC}") = "Unity.Timeline", "Unity.Timeline.Player.csproj", "{A4E4FCE8-1742-C056-D8C5-235E01384C91}"
EndProject
Project("{FAE04EC0-301F-11D3-BF4B-00C04F79EFBC}") = "Unity.Burst", "Unity.Burst.Player.csproj", "{1664CCB2-1B59-752E-F4B8-F1B6F4DA2403}"
EndProject
Project("{FAE04EC0-301F-11D3-BF4B-00C04F79EFBC}") = "Assembly-CSharp", "Assembly-CSharp.Player.csproj", "{994638C1-1B80-5E42-59DB-30591E1D49AF}"
EndProject
Project("{FAE04EC0-301F-11D3-BF4B-00C04F79EFBC}") = "Unity.Mathematics", "Unity.Mathematics.Player.csproj", "{C956EDB5-2434-DFF7-7358-E945308691BF}"
EndProject
Project("{FAE04EC0-301F-11D3-BF4B-00C04F79EFBC}") = "Unity.2D.IK.Runtime", "Unity.2D.IK.Runtime.Player.csproj", "{2BDC0902-162D-CBC3-046F-AB578C5D89FB}"
EndProject
Project("{FAE04EC0-301F-11D3-BF4B-00C04F79EFBC}") = "UnityEngine.TestRunner", "UnityEngine.TestRunner.Player.csproj", "{AABB4434-FF2A-6FAA-5EC8-6E815CA40AAF}"
EndProject
Project("{FAE04EC0-301F-11D3-BF4B-00C04F79EFBC}") = "UnityEngine.UI", "UnityEngine.UI.Player.csproj", "{1CAF278C-779C-7667-ED3D-6CEC21432631}"
EndProject
Project("{FAE04EC0-301F-11D3-BF4B-00C04F79EFBC}") = "Unity.Collections", "Unity.Collections.Player.csproj", "{7577FB57-9E9D-B16D-763D-C934D989C6D6}"
EndProject
Project("{FAE04EC0-301F-11D3-BF4B-00C04F79EFBC}") = "Unity.TextMeshPro", "Unity.TextMeshPro.Player.csproj", "{B2660A09-437E-F909-2C7F-E7982F102AF9}"
EndProject
Project("{FAE04EC0-301F-11D3-BF4B-00C04F79EFBC}") = "Unity.2D.PixelPerfect", "Unity.2D.PixelPerfect.Player.csproj", "{98685B3C-08A7-8267-CAE8-40AD9070AF72}"
EndProject
Project("{FAE04EC0-301F-11D3-BF4B-00C04F79EFBC}") = "Unity.2D.SpriteShape.Runtime", "Unity.2D.SpriteShape.Runtime.Player.csproj", "{5540853C-A9F7-0EFC-12FC-DD56DAF6396F}"
EndProject
Project("{FAE04EC0-301F-11D3-BF4B-00C04F79EFBC}") = "Unity.AI.Navigation", "Unity.AI.Navigation.Player.csproj", "{8F07AA69-E791-3496-022D-459FDC0AAF51}"
EndProject
Project("{FAE04EC0-301F-11D3-BF4B-00C04F79EFBC}") = "Unity.2D.Animation.Runtime", "Unity.2D.Animation.Runtime.Player.csproj", "{0D540E57-D0F9-60B4-8358-747864EFA8F5}"
EndProject
Project("{FAE04EC0-301F-11D3-BF4B-00C04F79EFBC}") = "Unity.InternalAPIEngineBridge.001", "Unity.InternalAPIEngineBridge.001.Player.csproj", "{B1ACAD0A-2561-5FD3-58B5-468158F85DAF}"
EndProject
Project("{FAE04EC0-301F-11D3-BF4B-00C04F79EFBC}") = "Unity.2D.Common.Runtime", "Unity.2D.Common.Runtime.Player.csproj", "{6416F4B9-E320-8ECF-0521-2CCA5FF047C3}"
EndProject
Global
	GlobalSection(SolutionConfigurationPlatforms) = preSolution
		Debug|Any CPU = Debug|Any CPU
		Release|Any CPU = Release|Any CPU
	EndGlobalSection
	GlobalSection(ProjectConfigurationPlatforms) = postSolution
		{CA8D52E6-1CC6-0037-61FE-6F34564947B9}.Debug|Any CPU.ActiveCfg = Debug|Any CPU
		{CA8D52E6-1CC6-0037-61FE-6F34564947B9}.Debug|Any CPU.Build.0 = Debug|Any CPU
		{CA8D52E6-1CC6-0037-61FE-6F34564947B9}.Release|Any CPU.ActiveCfg = Release|Any CPU
		{CA8D52E6-1CC6-0037-61FE-6F34564947B9}.Release|Any CPU.Build.0 = Release|Any CPU
		{6A86987C-0BF5-8491-FBE4-45352810E053}.Debug|Any CPU.ActiveCfg = Debug|Any CPU
		{6A86987C-0BF5-8491-FBE4-45352810E053}.Debug|Any CPU.Build.0 = Debug|Any CPU
		{6A86987C-0BF5-8491-FBE4-45352810E053}.Release|Any CPU.ActiveCfg = Release|Any CPU
		{6A86987C-0BF5-8491-FBE4-45352810E053}.Release|Any CPU.Build.0 = Release|Any CPU
		{380483C4-4BE8-66DC-55CD-1C910FDBB31E}.Debug|Any CPU.ActiveCfg = Debug|Any CPU
		{380483C4-4BE8-66DC-55CD-1C910FDBB31E}.Debug|Any CPU.Build.0 = Debug|Any CPU
		{380483C4-4BE8-66DC-55CD-1C910FDBB31E}.Release|Any CPU.ActiveCfg = Release|Any CPU
		{380483C4-4BE8-66DC-55CD-1C910FDBB31E}.Release|Any CPU.Build.0 = Release|Any CPU
		{EBC1C4C7-E3C2-B9FF-525F-52ACCA77248E}.Debug|Any CPU.ActiveCfg = Debug|Any CPU
		{EBC1C4C7-E3C2-B9FF-525F-52ACCA77248E}.Debug|Any CPU.Build.0 = Debug|Any CPU
		{EBC1C4C7-E3C2-B9FF-525F-52ACCA77248E}.Release|Any CPU.ActiveCfg = Release|Any CPU
		{EBC1C4C7-E3C2-B9FF-525F-52ACCA77248E}.Release|Any CPU.Build.0 = Release|Any CPU
		{26418D05-5115-95FD-2D00-133D2A9E4F99}.Debug|Any CPU.ActiveCfg = Debug|Any CPU
		{26418D05-5115-95FD-2D00-133D2A9E4F99}.Debug|Any CPU.Build.0 = Debug|Any CPU
		{26418D05-5115-95FD-2D00-133D2A9E4F99}.Release|Any CPU.ActiveCfg = Release|Any CPU
		{26418D05-5115-95FD-2D00-133D2A9E4F99}.Release|Any CPU.Build.0 = Release|Any CPU
		{6C46F641-8D21-6F3F-582D-E408C596A222}.Debug|Any CPU.ActiveCfg = Debug|Any CPU
		{6C46F641-8D21-6F3F-582D-E408C596A222}.Debug|Any CPU.Build.0 = Debug|Any CPU
		{6C46F641-8D21-6F3F-582D-E408C596A222}.Release|Any CPU.ActiveCfg = Release|Any CPU
		{6C46F641-8D21-6F3F-582D-E408C596A222}.Release|Any CPU.Build.0 = Release|Any CPU
		{B5FF3F95-C895-F6B1-43B1-FEEDA0C18FEF}.Debug|Any CPU.ActiveCfg = Debug|Any CPU
		{B5FF3F95-C895-F6B1-43B1-FEEDA0C18FEF}.Debug|Any CPU.Build.0 = Debug|Any CPU
		{B5FF3F95-C895-F6B1-43B1-FEEDA0C18FEF}.Release|Any CPU.ActiveCfg = Release|Any CPU
		{B5FF3F95-C895-F6B1-43B1-FEEDA0C18FEF}.Release|Any CPU.Build.0 = Release|Any CPU
		{4E6DFC95-C1FD-AE8F-0EA5-B5814E47D7E6}.Debug|Any CPU.ActiveCfg = Debug|Any CPU
		{4E6DFC95-C1FD-AE8F-0EA5-B5814E47D7E6}.Debug|Any CPU.Build.0 = Debug|Any CPU
		{4E6DFC95-C1FD-AE8F-0EA5-B5814E47D7E6}.Release|Any CPU.ActiveCfg = Release|Any CPU
		{4E6DFC95-C1FD-AE8F-0EA5-B5814E47D7E6}.Release|Any CPU.Build.0 = Release|Any CPU
		{833ACA28-E70E-E1D9-9EE4-E8956C6A5E74}.Debug|Any CPU.ActiveCfg = Debug|Any CPU
		{833ACA28-E70E-E1D9-9EE4-E8956C6A5E74}.Debug|Any CPU.Build.0 = Debug|Any CPU
		{833ACA28-E70E-E1D9-9EE4-E8956C6A5E74}.Release|Any CPU.ActiveCfg = Release|Any CPU
		{833ACA28-E70E-E1D9-9EE4-E8956C6A5E74}.Release|Any CPU.Build.0 = Release|Any CPU
		{DC20A5FF-A8A0-68C8-2844-19F1E047D199}.Debug|Any CPU.ActiveCfg = Debug|Any CPU
		{DC20A5FF-A8A0-68C8-2844-19F1E047D199}.Debug|Any CPU.Build.0 = Debug|Any CPU
		{DC20A5FF-A8A0-68C8-2844-19F1E047D199}.Release|Any CPU.ActiveCfg = Release|Any CPU
		{DC20A5FF-A8A0-68C8-2844-19F1E047D199}.Release|Any CPU.Build.0 = Release|Any CPU
		{A6DC8236-09D7-9170-EFC2-1BEAA4180ABE}.Debug|Any CPU.ActiveCfg = Debug|Any CPU
		{A6DC8236-09D7-9170-EFC2-1BEAA4180ABE}.Debug|Any CPU.Build.0 = Debug|Any CPU
		{A6DC8236-09D7-9170-EFC2-1BEAA4180ABE}.Release|Any CPU.ActiveCfg = Release|Any CPU
		{A6DC8236-09D7-9170-EFC2-1BEAA4180ABE}.Release|Any CPU.Build.0 = Release|Any CPU
		{66D1DDAC-C6DB-2F4C-774D-7BBFDBB97178}.Debug|Any CPU.ActiveCfg = Debug|Any CPU
		{66D1DDAC-C6DB-2F4C-774D-7BBFDBB97178}.Debug|Any CPU.Build.0 = Debug|Any CPU
		{66D1DDAC-C6DB-2F4C-774D-7BBFDBB97178}.Release|Any CPU.ActiveCfg = Release|Any CPU
		{66D1DDAC-C6DB-2F4C-774D-7BBFDBB97178}.Release|Any CPU.Build.0 = Release|Any CPU
		{A755A9D7-E465-70E8-CA27-908679B9987D}.Debug|Any CPU.ActiveCfg = Debug|Any CPU
		{A755A9D7-E465-70E8-CA27-908679B9987D}.Debug|Any CPU.Build.0 = Debug|Any CPU
		{A755A9D7-E465-70E8-CA27-908679B9987D}.Release|Any CPU.ActiveCfg = Release|Any CPU
		{A755A9D7-E465-70E8-CA27-908679B9987D}.Release|Any CPU.Build.0 = Release|Any CPU
		{B2DA6052-F715-2872-06C6-B20CF4A64336}.Debug|Any CPU.ActiveCfg = Debug|Any CPU
		{B2DA6052-F715-2872-06C6-B20CF4A64336}.Debug|Any CPU.Build.0 = Debug|Any CPU
		{B2DA6052-F715-2872-06C6-B20CF4A64336}.Release|Any CPU.ActiveCfg = Release|Any CPU
		{B2DA6052-F715-2872-06C6-B20CF4A64336}.Release|Any CPU.Build.0 = Release|Any CPU
		{87FCE45A-929B-3F24-5158-33A84204A2D2}.Debug|Any CPU.ActiveCfg = Debug|Any CPU
		{87FCE45A-929B-3F24-5158-33A84204A2D2}.Debug|Any CPU.Build.0 = Debug|Any CPU
		{87FCE45A-929B-3F24-5158-33A84204A2D2}.Release|Any CPU.ActiveCfg = Release|Any CPU
		{87FCE45A-929B-3F24-5158-33A84204A2D2}.Release|Any CPU.Build.0 = Release|Any CPU
		{04341EFF-1C38-08CB-92A9-DAB642F70F11}.Debug|Any CPU.ActiveCfg = Debug|Any CPU
		{04341EFF-1C38-08CB-92A9-DAB642F70F11}.Debug|Any CPU.Build.0 = Debug|Any CPU
		{04341EFF-1C38-08CB-92A9-DAB642F70F11}.Release|Any CPU.ActiveCfg = Release|Any CPU
		{04341EFF-1C38-08CB-92A9-DAB642F70F11}.Release|Any CPU.Build.0 = Release|Any CPU
		{C6FD7112-3472-DF46-243B-F7F9FA7842CD}.Debug|Any CPU.ActiveCfg = Debug|Any CPU
		{C6FD7112-3472-DF46-243B-F7F9FA7842CD}.Debug|Any CPU.Build.0 = Debug|Any CPU
		{C6FD7112-3472-DF46-243B-F7F9FA7842CD}.Release|Any CPU.ActiveCfg = Release|Any CPU
		{C6FD7112-3472-DF46-243B-F7F9FA7842CD}.Release|Any CPU.Build.0 = Release|Any CPU
		{64DFF3F8-C958-C6C3-E8BD-E2ECF2D0FFD5}.Debug|Any CPU.ActiveCfg = Debug|Any CPU
		{64DFF3F8-C958-C6C3-E8BD-E2ECF2D0FFD5}.Debug|Any CPU.Build.0 = Debug|Any CPU
		{64DFF3F8-C958-C6C3-E8BD-E2ECF2D0FFD5}.Release|Any CPU.ActiveCfg = Release|Any CPU
		{64DFF3F8-C958-C6C3-E8BD-E2ECF2D0FFD5}.Release|Any CPU.Build.0 = Release|Any CPU
		{BB2F8106-F2B0-89F2-9139-EF3AF6763B73}.Debug|Any CPU.ActiveCfg = Debug|Any CPU
		{BB2F8106-F2B0-89F2-9139-EF3AF6763B73}.Debug|Any CPU.Build.0 = Debug|Any CPU
		{BB2F8106-F2B0-89F2-9139-EF3AF6763B73}.Release|Any CPU.ActiveCfg = Release|Any CPU
		{BB2F8106-F2B0-89F2-9139-EF3AF6763B73}.Release|Any CPU.Build.0 = Release|Any CPU
		{E24F3613-21CB-714D-6D5C-6038DB625D3A}.Debug|Any CPU.ActiveCfg = Debug|Any CPU
		{E24F3613-21CB-714D-6D5C-6038DB625D3A}.Debug|Any CPU.Build.0 = Debug|Any CPU
		{E24F3613-21CB-714D-6D5C-6038DB625D3A}.Release|Any CPU.ActiveCfg = Release|Any CPU
		{E24F3613-21CB-714D-6D5C-6038DB625D3A}.Release|Any CPU.Build.0 = Release|Any CPU
		{C382561C-9A92-021F-3FD5-64C6F0DA7232}.Debug|Any CPU.ActiveCfg = Debug|Any CPU
		{C382561C-9A92-021F-3FD5-64C6F0DA7232}.Debug|Any CPU.Build.0 = Debug|Any CPU
		{C382561C-9A92-021F-3FD5-64C6F0DA7232}.Release|Any CPU.ActiveCfg = Release|Any CPU
		{C382561C-9A92-021F-3FD5-64C6F0DA7232}.Release|Any CPU.Build.0 = Release|Any CPU
		{C8315A8B-3E57-A9B2-EA85-884BBA6BF087}.Debug|Any CPU.ActiveCfg = Debug|Any CPU
		{C8315A8B-3E57-A9B2-EA85-884BBA6BF087}.Debug|Any CPU.Build.0 = Debug|Any CPU
		{C8315A8B-3E57-A9B2-EA85-884BBA6BF087}.Release|Any CPU.ActiveCfg = Release|Any CPU
		{C8315A8B-3E57-A9B2-EA85-884BBA6BF087}.Release|Any CPU.Build.0 = Release|Any CPU
		{5A1A8EDE-1162-24C6-FC63-EAB3F19C1A5C}.Debug|Any CPU.ActiveCfg = Debug|Any CPU
		{5A1A8EDE-1162-24C6-FC63-EAB3F19C1A5C}.Debug|Any CPU.Build.0 = Debug|Any CPU
		{5A1A8EDE-1162-24C6-FC63-EAB3F19C1A5C}.Release|Any CPU.ActiveCfg = Release|Any CPU
		{5A1A8EDE-1162-24C6-FC63-EAB3F19C1A5C}.Release|Any CPU.Build.0 = Release|Any CPU
		{A7C36154-898F-0DD4-80AB-844E6533E614}.Debug|Any CPU.ActiveCfg = Debug|Any CPU
		{A7C36154-898F-0DD4-80AB-844E6533E614}.Debug|Any CPU.Build.0 = Debug|Any CPU
		{A7C36154-898F-0DD4-80AB-844E6533E614}.Release|Any CPU.ActiveCfg = Release|Any CPU
		{A7C36154-898F-0DD4-80AB-844E6533E614}.Release|Any CPU.Build.0 = Release|Any CPU
		{E59F4B39-BA29-3DEE-F45E-DF30CD495763}.Debug|Any CPU.ActiveCfg = Debug|Any CPU
		{E59F4B39-BA29-3DEE-F45E-DF30CD495763}.Debug|Any CPU.Build.0 = Debug|Any CPU
		{E59F4B39-BA29-3DEE-F45E-DF30CD495763}.Release|Any CPU.ActiveCfg = Release|Any CPU
		{E59F4B39-BA29-3DEE-F45E-DF30CD495763}.Release|Any CPU.Build.0 = Release|Any CPU
		{A8B90F99-41EF-98F8-836D-B5FA1716DBDD}.Debug|Any CPU.ActiveCfg = Debug|Any CPU
		{A8B90F99-41EF-98F8-836D-B5FA1716DBDD}.Debug|Any CPU.Build.0 = Debug|Any CPU
		{A8B90F99-41EF-98F8-836D-B5FA1716DBDD}.Release|Any CPU.ActiveCfg = Release|Any CPU
		{A8B90F99-41EF-98F8-836D-B5FA1716DBDD}.Release|Any CPU.Build.0 = Release|Any CPU
		{B70DE351-6AFB-4DA3-0BCA-753074D9F3EB}.Debug|Any CPU.ActiveCfg = Debug|Any CPU
		{B70DE351-6AFB-4DA3-0BCA-753074D9F3EB}.Debug|Any CPU.Build.0 = Debug|Any CPU
		{B70DE351-6AFB-4DA3-0BCA-753074D9F3EB}.Release|Any CPU.ActiveCfg = Release|Any CPU
		{B70DE351-6AFB-4DA3-0BCA-753074D9F3EB}.Release|Any CPU.Build.0 = Release|Any CPU
		{E960B5D1-2B42-44C0-3D3F-D5A7AFE83E07}.Debug|Any CPU.ActiveCfg = Debug|Any CPU
		{E960B5D1-2B42-44C0-3D3F-D5A7AFE83E07}.Debug|Any CPU.Build.0 = Debug|Any CPU
		{E960B5D1-2B42-44C0-3D3F-D5A7AFE83E07}.Release|Any CPU.ActiveCfg = Release|Any CPU
		{E960B5D1-2B42-44C0-3D3F-D5A7AFE83E07}.Release|Any CPU.Build.0 = Release|Any CPU
		{751B4C48-B6CA-BC76-9BAD-B1A07D0534D2}.Debug|Any CPU.ActiveCfg = Debug|Any CPU
		{751B4C48-B6CA-BC76-9BAD-B1A07D0534D2}.Debug|Any CPU.Build.0 = Debug|Any CPU
		{751B4C48-B6CA-BC76-9BAD-B1A07D0534D2}.Release|Any CPU.ActiveCfg = Release|Any CPU
		{751B4C48-B6CA-BC76-9BAD-B1A07D0534D2}.Release|Any CPU.Build.0 = Release|Any CPU
		{A027EB98-E150-50B7-F592-CC759B0A9B7B}.Debug|Any CPU.ActiveCfg = Debug|Any CPU
		{A027EB98-E150-50B7-F592-CC759B0A9B7B}.Debug|Any CPU.Build.0 = Debug|Any CPU
		{A027EB98-E150-50B7-F592-CC759B0A9B7B}.Release|Any CPU.ActiveCfg = Release|Any CPU
		{A027EB98-E150-50B7-F592-CC759B0A9B7B}.Release|Any CPU.Build.0 = Release|Any CPU
		{BF04CD1B-B540-37C5-C1F8-EF1F2446B521}.Debug|Any CPU.ActiveCfg = Debug|Any CPU
		{BF04CD1B-B540-37C5-C1F8-EF1F2446B521}.Debug|Any CPU.Build.0 = Debug|Any CPU
		{BF04CD1B-B540-37C5-C1F8-EF1F2446B521}.Release|Any CPU.ActiveCfg = Release|Any CPU
		{BF04CD1B-B540-37C5-C1F8-EF1F2446B521}.Release|Any CPU.Build.0 = Release|Any CPU
		{8E478A74-9AEA-7558-55C0-A835574C5A77}.Debug|Any CPU.ActiveCfg = Debug|Any CPU
		{8E478A74-9AEA-7558-55C0-A835574C5A77}.Debug|Any CPU.Build.0 = Debug|Any CPU
		{8E478A74-9AEA-7558-55C0-A835574C5A77}.Release|Any CPU.ActiveCfg = Release|Any CPU
		{8E478A74-9AEA-7558-55C0-A835574C5A77}.Release|Any CPU.Build.0 = Release|Any CPU
		{64AC0293-B157-03C6-F029-F3880B32CD48}.Debug|Any CPU.ActiveCfg = Debug|Any CPU
		{64AC0293-B157-03C6-F029-F3880B32CD48}.Debug|Any CPU.Build.0 = Debug|Any CPU
		{64AC0293-B157-03C6-F029-F3880B32CD48}.Release|Any CPU.ActiveCfg = Release|Any CPU
		{64AC0293-B157-03C6-F029-F3880B32CD48}.Release|Any CPU.Build.0 = Release|Any CPU
		{15305644-4B77-296C-19AA-85F25DECE33D}.Debug|Any CPU.ActiveCfg = Debug|Any CPU
		{15305644-4B77-296C-19AA-85F25DECE33D}.Debug|Any CPU.Build.0 = Debug|Any CPU
		{15305644-4B77-296C-19AA-85F25DECE33D}.Release|Any CPU.ActiveCfg = Release|Any CPU
		{15305644-4B77-296C-19AA-85F25DECE33D}.Release|Any CPU.Build.0 = Release|Any CPU
		{18702206-7B9B-24F1-2B2B-CBCB9FB0518D}.Debug|Any CPU.ActiveCfg = Debug|Any CPU
		{18702206-7B9B-24F1-2B2B-CBCB9FB0518D}.Debug|Any CPU.Build.0 = Debug|Any CPU
		{18702206-7B9B-24F1-2B2B-CBCB9FB0518D}.Release|Any CPU.ActiveCfg = Release|Any CPU
		{18702206-7B9B-24F1-2B2B-CBCB9FB0518D}.Release|Any CPU.Build.0 = Release|Any CPU
		{EC109CBB-D931-A313-7A49-056CD3A8B41D}.Debug|Any CPU.ActiveCfg = Debug|Any CPU
		{EC109CBB-D931-A313-7A49-056CD3A8B41D}.Debug|Any CPU.Build.0 = Debug|Any CPU
		{EC109CBB-D931-A313-7A49-056CD3A8B41D}.Release|Any CPU.ActiveCfg = Release|Any CPU
		{EC109CBB-D931-A313-7A49-056CD3A8B41D}.Release|Any CPU.Build.0 = Release|Any CPU
		{267EED2E-A931-A32D-CFFC-A9C86BA30265}.Debug|Any CPU.ActiveCfg = Debug|Any CPU
		{267EED2E-A931-A32D-CFFC-A9C86BA30265}.Debug|Any CPU.Build.0 = Debug|Any CPU
		{267EED2E-A931-A32D-CFFC-A9C86BA30265}.Release|Any CPU.ActiveCfg = Release|Any CPU
		{267EED2E-A931-A32D-CFFC-A9C86BA30265}.Release|Any CPU.Build.0 = Release|Any CPU
		{34CEFF00-FBF1-26E3-295C-F4F6DA65F6B6}.Debug|Any CPU.ActiveCfg = Debug|Any CPU
		{34CEFF00-FBF1-26E3-295C-F4F6DA65F6B6}.Debug|Any CPU.Build.0 = Debug|Any CPU
		{34CEFF00-FBF1-26E3-295C-F4F6DA65F6B6}.Release|Any CPU.ActiveCfg = Release|Any CPU
		{34CEFF00-FBF1-26E3-295C-F4F6DA65F6B6}.Release|Any CPU.Build.0 = Release|Any CPU
		{D134FD33-F4B0-9E50-B373-8807D3C353C5}.Debug|Any CPU.ActiveCfg = Debug|Any CPU
		{D134FD33-F4B0-9E50-B373-8807D3C353C5}.Debug|Any CPU.Build.0 = Debug|Any CPU
		{D134FD33-F4B0-9E50-B373-8807D3C353C5}.Release|Any CPU.ActiveCfg = Release|Any CPU
		{D134FD33-F4B0-9E50-B373-8807D3C353C5}.Release|Any CPU.Build.0 = Release|Any CPU
		{334B85BD-70D2-E15D-AE2B-15CAC82E04F2}.Debug|Any CPU.ActiveCfg = Debug|Any CPU
		{334B85BD-70D2-E15D-AE2B-15CAC82E04F2}.Debug|Any CPU.Build.0 = Debug|Any CPU
		{334B85BD-70D2-E15D-AE2B-15CAC82E04F2}.Release|Any CPU.ActiveCfg = Release|Any CPU
		{334B85BD-70D2-E15D-AE2B-15CAC82E04F2}.Release|Any CPU.Build.0 = Release|Any CPU
		{86BD587E-6986-11DD-4B70-7607FB6939DF}.Debug|Any CPU.ActiveCfg = Debug|Any CPU
		{86BD587E-6986-11DD-4B70-7607FB6939DF}.Debug|Any CPU.Build.0 = Debug|Any CPU
		{86BD587E-6986-11DD-4B70-7607FB6939DF}.Release|Any CPU.ActiveCfg = Release|Any CPU
		{86BD587E-6986-11DD-4B70-7607FB6939DF}.Release|Any CPU.Build.0 = Release|Any CPU
		{54B1DB11-400D-09E2-9850-1E8BF1CE467C}.Debug|Any CPU.ActiveCfg = Debug|Any CPU
		{54B1DB11-400D-09E2-9850-1E8BF1CE467C}.Debug|Any CPU.Build.0 = Debug|Any CPU
		{54B1DB11-400D-09E2-9850-1E8BF1CE467C}.Release|Any CPU.ActiveCfg = Release|Any CPU
		{54B1DB11-400D-09E2-9850-1E8BF1CE467C}.Release|Any CPU.Build.0 = Release|Any CPU
		{ED26183B-B07E-8FCF-6170-316BDA749287}.Debug|Any CPU.ActiveCfg = Debug|Any CPU
		{ED26183B-B07E-8FCF-6170-316BDA749287}.Debug|Any CPU.Build.0 = Debug|Any CPU
		{ED26183B-B07E-8FCF-6170-316BDA749287}.Release|Any CPU.ActiveCfg = Release|Any CPU
		{ED26183B-B07E-8FCF-6170-316BDA749287}.Release|Any CPU.Build.0 = Release|Any CPU
		{A4E4FCE8-1742-C056-D8C5-235E01384C91}.Debug|Any CPU.ActiveCfg = Debug|Any CPU
		{A4E4FCE8-1742-C056-D8C5-235E01384C91}.Debug|Any CPU.Build.0 = Debug|Any CPU
		{A4E4FCE8-1742-C056-D8C5-235E01384C91}.Release|Any CPU.ActiveCfg = Release|Any CPU
		{A4E4FCE8-1742-C056-D8C5-235E01384C91}.Release|Any CPU.Build.0 = Release|Any CPU
		{1664CCB2-1B59-752E-F4B8-F1B6F4DA2403}.Debug|Any CPU.ActiveCfg = Debug|Any CPU
		{1664CCB2-1B59-752E-F4B8-F1B6F4DA2403}.Debug|Any CPU.Build.0 = Debug|Any CPU
		{1664CCB2-1B59-752E-F4B8-F1B6F4DA2403}.Release|Any CPU.ActiveCfg = Release|Any CPU
		{1664CCB2-1B59-752E-F4B8-F1B6F4DA2403}.Release|Any CPU.Build.0 = Release|Any CPU
		{994638C1-1B80-5E42-59DB-30591E1D49AF}.Debug|Any CPU.ActiveCfg = Debug|Any CPU
		{994638C1-1B80-5E42-59DB-30591E1D49AF}.Debug|Any CPU.Build.0 = Debug|Any CPU
		{994638C1-1B80-5E42-59DB-30591E1D49AF}.Release|Any CPU.ActiveCfg = Release|Any CPU
		{994638C1-1B80-5E42-59DB-30591E1D49AF}.Release|Any CPU.Build.0 = Release|Any CPU
		{C956EDB5-2434-DFF7-7358-E945308691BF}.Debug|Any CPU.ActiveCfg = Debug|Any CPU
		{C956EDB5-2434-DFF7-7358-E945308691BF}.Debug|Any CPU.Build.0 = Debug|Any CPU
		{C956EDB5-2434-DFF7-7358-E945308691BF}.Release|Any CPU.ActiveCfg = Release|Any CPU
		{C956EDB5-2434-DFF7-7358-E945308691BF}.Release|Any CPU.Build.0 = Release|Any CPU
		{2BDC0902-162D-CBC3-046F-AB578C5D89FB}.Debug|Any CPU.ActiveCfg = Debug|Any CPU
		{2BDC0902-162D-CBC3-046F-AB578C5D89FB}.Debug|Any CPU.Build.0 = Debug|Any CPU
		{2BDC0902-162D-CBC3-046F-AB578C5D89FB}.Release|Any CPU.ActiveCfg = Release|Any CPU
		{2BDC0902-162D-CBC3-046F-AB578C5D89FB}.Release|Any CPU.Build.0 = Release|Any CPU
		{AABB4434-FF2A-6FAA-5EC8-6E815CA40AAF}.Debug|Any CPU.ActiveCfg = Debug|Any CPU
		{AABB4434-FF2A-6FAA-5EC8-6E815CA40AAF}.Debug|Any CPU.Build.0 = Debug|Any CPU
		{AABB4434-FF2A-6FAA-5EC8-6E815CA40AAF}.Release|Any CPU.ActiveCfg = Release|Any CPU
		{AABB4434-FF2A-6FAA-5EC8-6E815CA40AAF}.Release|Any CPU.Build.0 = Release|Any CPU
		{1CAF278C-779C-7667-ED3D-6CEC21432631}.Debug|Any CPU.ActiveCfg = Debug|Any CPU
		{1CAF278C-779C-7667-ED3D-6CEC21432631}.Debug|Any CPU.Build.0 = Debug|Any CPU
		{1CAF278C-779C-7667-ED3D-6CEC21432631}.Release|Any CPU.ActiveCfg = Release|Any CPU
		{1CAF278C-779C-7667-ED3D-6CEC21432631}.Release|Any CPU.Build.0 = Release|Any CPU
		{7577FB57-9E9D-B16D-763D-C934D989C6D6}.Debug|Any CPU.ActiveCfg = Debug|Any CPU
		{7577FB57-9E9D-B16D-763D-C934D989C6D6}.Debug|Any CPU.Build.0 = Debug|Any CPU
		{7577FB57-9E9D-B16D-763D-C934D989C6D6}.Release|Any CPU.ActiveCfg = Release|Any CPU
		{7577FB57-9E9D-B16D-763D-C934D989C6D6}.Release|Any CPU.Build.0 = Release|Any CPU
		{B2660A09-437E-F909-2C7F-E7982F102AF9}.Debug|Any CPU.ActiveCfg = Debug|Any CPU
		{B2660A09-437E-F909-2C7F-E7982F102AF9}.Debug|Any CPU.Build.0 = Debug|Any CPU
		{B2660A09-437E-F909-2C7F-E7982F102AF9}.Release|Any CPU.ActiveCfg = Release|Any CPU
		{B2660A09-437E-F909-2C7F-E7982F102AF9}.Release|Any CPU.Build.0 = Release|Any CPU
		{98685B3C-08A7-8267-CAE8-40AD9070AF72}.Debug|Any CPU.ActiveCfg = Debug|Any CPU
		{98685B3C-08A7-8267-CAE8-40AD9070AF72}.Debug|Any CPU.Build.0 = Debug|Any CPU
		{98685B3C-08A7-8267-CAE8-40AD9070AF72}.Release|Any CPU.ActiveCfg = Release|Any CPU
		{98685B3C-08A7-8267-CAE8-40AD9070AF72}.Release|Any CPU.Build.0 = Release|Any CPU
		{5540853C-A9F7-0EFC-12FC-DD56DAF6396F}.Debug|Any CPU.ActiveCfg = Debug|Any CPU
		{5540853C-A9F7-0EFC-12FC-DD56DAF6396F}.Debug|Any CPU.Build.0 = Debug|Any CPU
		{5540853C-A9F7-0EFC-12FC-DD56DAF6396F}.Release|Any CPU.ActiveCfg = Release|Any CPU
		{5540853C-A9F7-0EFC-12FC-DD56DAF6396F}.Release|Any CPU.Build.0 = Release|Any CPU
		{8F07AA69-E791-3496-022D-459FDC0AAF51}.Debug|Any CPU.ActiveCfg = Debug|Any CPU
		{8F07AA69-E791-3496-022D-459FDC0AAF51}.Debug|Any CPU.Build.0 = Debug|Any CPU
		{8F07AA69-E791-3496-022D-459FDC0AAF51}.Release|Any CPU.ActiveCfg = Release|Any CPU
		{8F07AA69-E791-3496-022D-459FDC0AAF51}.Release|Any CPU.Build.0 = Release|Any CPU
		{0D540E57-D0F9-60B4-8358-747864EFA8F5}.Debug|Any CPU.ActiveCfg = Debug|Any CPU
		{0D540E57-D0F9-60B4-8358-747864EFA8F5}.Debug|Any CPU.Build.0 = Debug|Any CPU
		{0D540E57-D0F9-60B4-8358-747864EFA8F5}.Release|Any CPU.ActiveCfg = Release|Any CPU
		{0D540E57-D0F9-60B4-8358-747864EFA8F5}.Release|Any CPU.Build.0 = Release|Any CPU
		{B1ACAD0A-2561-5FD3-58B5-468158F85DAF}.Debug|Any CPU.ActiveCfg = Debug|Any CPU
		{B1ACAD0A-2561-5FD3-58B5-468158F85DAF}.Debug|Any CPU.Build.0 = Debug|Any CPU
		{B1ACAD0A-2561-5FD3-58B5-468158F85DAF}.Release|Any CPU.ActiveCfg = Release|Any CPU
		{B1ACAD0A-2561-5FD3-58B5-468158F85DAF}.Release|Any CPU.Build.0 = Release|Any CPU
		{6416F4B9-E320-8ECF-0521-2CCA5FF047C3}.Debug|Any CPU.ActiveCfg = Debug|Any CPU
		{6416F4B9-E320-8ECF-0521-2CCA5FF047C3}.Debug|Any CPU.Build.0 = Debug|Any CPU
		{6416F4B9-E320-8ECF-0521-2CCA5FF047C3}.Release|Any CPU.ActiveCfg = Release|Any CPU
		{6416F4B9-E320-8ECF-0521-2CCA5FF047C3}.Release|Any CPU.Build.0 = Release|Any CPU
	EndGlobalSection
	GlobalSection(SolutionProperties) = preSolution
		HideSolutionNode = FALSE
	EndGlobalSection
EndGlobal
